
Microsoft Visual Studio Solution File, Format Version 12.00
# Visual Studio Version 17
VisualStudioVersion = 17.14.36414.22
MinimumVisualStudioVersion = 10.0.40219.1
Project("{8BC9CEB8-8B4A-11D0-8D11-00A0C91BC942}") = "Ludus", "Engine\Ludus.vcxproj", "{E5222F19-54E2-431B-B8A5-67DC31E554E1}"
EndProject
Project("{8BC9CEB8-8B4A-11D0-8D11-00A0C91BC942}") = "Sandbox", "Games\Sandbox\Sandbox.vcxproj", "{5FCC30EF-27AD-4277-B1AC-7EA8E79AEBBE}"
EndProject
Project("{2150E333-8FDC-42A3-9474-1A3956D46DE8}") = "Solution Items", "Solution Items", "{8EC462FD-D22E-90A8-E5CE-7E832BA40C5D}"
EndProject
Project("{8BC9CEB8-8B4A-11D0-8D11-00A0C91BC942}") = "Pong", "Games\Pong\Pong.vcxproj", "{A543D0EF-17DB-4C1A-970D-1E469B6E43D6}"
	ProjectSection(ProjectDependencies) = postProject
		{E5222F19-54E2-431B-B8A5-67DC31E554E1} = {E5222F19-54E2-431B-B8A5-67DC31E554E1}
	EndProjectSection
EndProject
Project("{8BC9CEB8-8B4A-11D0-8D11-00A0C91BC942}") = "Combat", "Games\Combat\Combat.vcxproj", "{85620868-47C3-46ED-8CA5-CD81616F3FB0}"
	ProjectSection(ProjectDependencies) = postProject
		{E5222F19-54E2-431B-B8A5-67DC31E554E1} = {E5222F19-54E2-431B-B8A5-67DC31E554E1}
	EndProjectSection
EndProject
Project("{8BC9CEB8-8B4A-11D0-8D11-00A0C91BC942}") = "Ludus.Tests", "Ludus.Tests\Ludus.Tests.vcxproj", "{C6D4E52B-8470-417D-96AD-48DBE33B43ED}"
EndProject
Global
	GlobalSection(SolutionConfigurationPlatforms) = preSolution
		Debug|x64 = Debug|x64
		Debug|x86 = Debug|x86
		Release|x64 = Release|x64
		Release|x86 = Release|x86
	EndGlobalSection
	GlobalSection(ProjectConfigurationPlatforms) = postSolution
		{E5222F19-54E2-431B-B8A5-67DC31E554E1}.Debug|x64.ActiveCfg = Debug|x64
		{E5222F19-54E2-431B-B8A5-67DC31E554E1}.Debug|x64.Build.0 = Debug|x64
		{E5222F19-54E2-431B-B8A5-67DC31E554E1}.Debug|x86.ActiveCfg = Debug|Win32
		{E5222F19-54E2-431B-B8A5-67DC31E554E1}.Debug|x86.Build.0 = Debug|Win32
		{E5222F19-54E2-431B-B8A5-67DC31E554E1}.Release|x64.ActiveCfg = Release|x64
		{E5222F19-54E2-431B-B8A5-67DC31E554E1}.Release|x64.Build.0 = Release|x64
		{E5222F19-54E2-431B-B8A5-67DC31E554E1}.Release|x86.ActiveCfg = Release|Win32
		{E5222F19-54E2-431B-B8A5-67DC31E554E1}.Release|x86.Build.0 = Release|Win32
		{5FCC30EF-27AD-4277-B1AC-7EA8E79AEBBE}.Debug|x64.ActiveCfg = Debug|x64
		{5FCC30EF-27AD-4277-B1AC-7EA8E79AEBBE}.Debug|x64.Build.0 = Debug|x64
		{5FCC30EF-27AD-4277-B1AC-7EA8E79AEBBE}.Debug|x86.ActiveCfg = Debug|Win32
		{5FCC30EF-27AD-4277-B1AC-7EA8E79AEBBE}.Debug|x86.Build.0 = Debug|Win32
		{5FCC30EF-27AD-4277-B1AC-7EA8E79AEBBE}.Release|x64.ActiveCfg = Release|x64
		{5FCC30EF-27AD-4277-B1AC-7EA8E79AEBBE}.Release|x64.Build.0 = Release|x64
		{5FCC30EF-27AD-4277-B1AC-7EA8E79AEBBE}.Release|x86.ActiveCfg = Release|Win32
		{5FCC30EF-27AD-4277-B1AC-7EA8E79AEBBE}.Release|x86.Build.0 = Release|Win32
		{A543D0EF-17DB-4C1A-970D-1E469B6E43D6}.Debug|x64.ActiveCfg = Debug|x64
		{A543D0EF-17DB-4C1A-970D-1E469B6E43D6}.Debug|x64.Build.0 = Debug|x64
		{A543D0EF-17DB-4C1A-970D-1E469B6E43D6}.Debug|x86.ActiveCfg = Debug|Win32
		{A543D0EF-17DB-4C1A-970D-1E469B6E43D6}.Debug|x86.Build.0 = Debug|Win32
		{A543D0EF-17DB-4C1A-970D-1E469B6E43D6}.Release|x64.ActiveCfg = Release|x64
		{A543D0EF-17DB-4C1A-970D-1E469B6E43D6}.Release|x64.Build.0 = Release|x64
		{A543D0EF-17DB-4C1A-970D-1E469B6E43D6}.Release|x86.ActiveCfg = Release|Win32
		{A543D0EF-17DB-4C1A-970D-1E469B6E43D6}.Release|x86.Build.0 = Release|Win32
		{85620868-47C3-46ED-8CA5-CD81616F3FB0}.Debug|x64.ActiveCfg = Debug|x64
		{85620868-47C3-46ED-8CA5-CD81616F3FB0}.Debug|x64.Build.0 = Debug|x64
		{85620868-47C3-46ED-8CA5-CD81616F3FB0}.Debug|x86.ActiveCfg = Debug|Win32
		{85620868-47C3-46ED-8CA5-CD81616F3FB0}.Debug|x86.Build.0 = Debug|Win32
		{85620868-47C3-46ED-8CA5-CD81616F3FB0}.Release|x64.ActiveCfg = Release|x64
		{85620868-47C3-46ED-8CA5-CD81616F3FB0}.Release|x64.Build.0 = Release|x64
		{85620868-47C3-46ED-8CA5-CD81616F3FB0}.Release|x86.ActiveCfg = Release|Win32
		{85620868-47C3-46ED-8CA5-CD81616F3FB0}.Release|x86.Build.0 = Release|Win32
		{C6D4E52B-8470-417D-96AD-48DBE33B43ED}.Debug|x64.ActiveCfg = Debug|x64
		{C6D4E52B-8470-417D-96AD-48DBE33B43ED}.Debug|x64.Build.0 = Debug|x64
		{C6D4E52B-8470-417D-96AD-48DBE33B43ED}.Debug|x86.ActiveCfg = Debug|Win32
		{C6D4E52B-8470-417D-96AD-48DBE33B43ED}.Debug|x86.Build.0 = Debug|Win32
		{C6D4E52B-8470-417D-96AD-48DBE33B43ED}.Release|x64.ActiveCfg = Release|x64
		{C6D4E52B-8470-417D-96AD-48DBE33B43ED}.Release|x64.Build.0 = Release|x64
		{C6D4E52B-8470-417D-96AD-48DBE33B43ED}.Release|x86.ActiveCfg = Release|Win32
		{C6D4E52B-8470-417D-96AD-48DBE33B43ED}.Release|x86.Build.0 = Release|Win32
	EndGlobalSection
	GlobalSection(SolutionProperties) = preSolution
		HideSolutionNode = FALSE
	EndGlobalSection
	GlobalSection(ExtensibilityGlobals) = postSolution
		SolutionGuid = {C7E0D895-2B7C-4257-B82D-3BAB6949BF34}
	EndGlobalSection
EndGlobal
